
Microsoft Visual Studio Solution File, Format Version 12.00
# Visual Studio Version 16
VisualStudioVersion = 16.0.31410.357
MinimumVisualStudioVersion = 10.0.40219.1
Project("{9A19103F-16F7-4668-BE54-9A1E7A4F7556}") = "PaymentSystem.API", "PaymentSystem.API\PaymentSystem.API.csproj", "{88BE1CE0-4F6E-495C-95AB-4664510C5FCC}"
EndProject
Project("{9A19103F-16F7-4668-BE54-9A1E7A4F7556}") = "PaymentSystem.Domain", "PaymentSystem.Domain\PaymentSystem.Domain.csproj", "{E1EF954B-AF3E-4ABD-9B31-64832481C817}"
EndProject
Project("{9A19103F-16F7-4668-BE54-9A1E7A4F7556}") = "PaymentSystem.Persistence", "PaymentSystem.Persistence\PaymentSystem.Persistence.csproj", "{D4B38875-2ECD-4860-A9D1-04FC66A033CE}"
EndProject
Project("{9A19103F-16F7-4668-BE54-9A1E7A4F7556}") = "PaymentSystem.Services", "PaymentSystem.Services\PaymentSystem.Services.csproj", "{92D08AD6-D538-435C-BB8F-EBA0F73A35D7}"
EndProject
Project("{9A19103F-16F7-4668-BE54-9A1E7A4F7556}") = "PaymentSystem.Tests", "PaymentSystem.Tests\PaymentSystem.Tests.csproj", "{DC11ABC2-21FC-4E8B-AB91-D13B2129F33C}"
EndProject
Global
	GlobalSection(SolutionConfigurationPlatforms) = preSolution
		Debug|Any CPU = Debug|Any CPU
		Release|Any CPU = Release|Any CPU
	EndGlobalSection
	GlobalSection(ProjectConfigurationPlatforms) = postSolution
		{88BE1CE0-4F6E-495C-95AB-4664510C5FCC}.Debug|Any CPU.ActiveCfg = Debug|Any CPU
		{88BE1CE0-4F6E-495C-95AB-4664510C5FCC}.Debug|Any CPU.Build.0 = Debug|Any CPU
		{88BE1CE0-4F6E-495C-95AB-4664510C5FCC}.Release|Any CPU.ActiveCfg = Release|Any CPU
		{88BE1CE0-4F6E-495C-95AB-4664510C5FCC}.Release|Any CPU.Build.0 = Release|Any CPU
		{E1EF954B-AF3E-4ABD-9B31-64832481C817}.Debug|Any CPU.ActiveCfg = Debug|Any CPU
		{E1EF954B-AF3E-4ABD-9B31-64832481C817}.Debug|Any CPU.Build.0 = Debug|Any CPU
		{E1EF954B-AF3E-4ABD-9B31-64832481C817}.Release|Any CPU.ActiveCfg = Release|Any CPU
		{E1EF954B-AF3E-4ABD-9B31-64832481C817}.Release|Any CPU.Build.0 = Release|Any CPU
		{D4B38875-2ECD-4860-A9D1-04FC66A033CE}.Debug|Any CPU.ActiveCfg = Debug|Any CPU
		{D4B38875-2ECD-4860-A9D1-04FC66A033CE}.Debug|Any CPU.Build.0 = Debug|Any CPU
		{D4B38875-2ECD-4860-A9D1-04FC66A033CE}.Release|Any CPU.ActiveCfg = Release|Any CPU
		{D4B38875-2ECD-4860-A9D1-04FC66A033CE}.Release|Any CPU.Build.0 = Release|Any CPU
		{92D08AD6-D538-435C-BB8F-EBA0F73A35D7}.Debug|Any CPU.ActiveCfg = Debug|Any CPU
		{92D08AD6-D538-435C-BB8F-EBA0F73A35D7}.Debug|Any CPU.Build.0 = Debug|Any CPU
		{92D08AD6-D538-435C-BB8F-EBA0F73A35D7}.Release|Any CPU.ActiveCfg = Release|Any CPU
		{92D08AD6-D538-435C-BB8F-EBA0F73A35D7}.Release|Any CPU.Build.0 = Release|Any CPU
		{DC11ABC2-21FC-4E8B-AB91-D13B2129F33C}.Debug|Any CPU.ActiveCfg = Debug|Any CPU
		{DC11ABC2-21FC-4E8B-AB91-D13B2129F33C}.Debug|Any CPU.Build.0 = Debug|Any CPU
		{DC11ABC2-21FC-4E8B-AB91-D13B2129F33C}.Release|Any CPU.ActiveCfg = Release|Any CPU
		{DC11ABC2-21FC-4E8B-AB91-D13B2129F33C}.Release|Any CPU.Build.0 = Release|Any CPU
	EndGlobalSection
	GlobalSection(SolutionProperties) = preSolution
		HideSolutionNode = FALSE
	EndGlobalSection
	GlobalSection(ExtensibilityGlobals) = postSolution
		SolutionGuid = {508EA7A5-C895-4297-894A-8E9943E7BADC}
	EndGlobalSection
EndGlobal
